// !$*UTF8*$!
{
	archiveVersion = 1;
	classes = {
	};
	objectVersion = 46;
	objects = {

/* Begin PBXBuildFile section */
		831B4CC81F3B0C4B00CE3280 /* AppDelegate.swift in Sources */ = {isa = PBXBuildFile; fileRef = 831B4CC71F3B0C4B00CE3280 /* AppDelegate.swift */; };
		831B4CCA1F3B0C4B00CE3280 /* RecordSoundsViewController.swift in Sources */ = {isa = PBXBuildFile; fileRef = 831B4CC91F3B0C4B00CE3280 /* RecordSoundsViewController.swift */; };
		831B4CCD1F3B0C4B00CE3280 /* Main.storyboard in Resources */ = {isa = PBXBuildFile; fileRef = 831B4CCB1F3B0C4B00CE3280 /* Main.storyboard */; };
		831B4CCF1F3B0C4B00CE3280 /* Assets.xcassets in Resources */ = {isa = PBXBuildFile; fileRef = 831B4CCE1F3B0C4B00CE3280 /* Assets.xcassets */; };
		831B4CD21F3B0C4B00CE3280 /* LaunchScreen.storyboard in Resources */ = {isa = PBXBuildFile; fileRef = 831B4CD01F3B0C4B00CE3280 /* LaunchScreen.storyboard */; };
		831B4CDA1F3C6AF300CE3280 /* PlaySoundViewController.swift in Sources */ = {isa = PBXBuildFile; fileRef = 831B4CD91F3C6AF300CE3280 /* PlaySoundViewController.swift */; };
/* End PBXBuildFile section */

/* Begin PBXFileReference section */
		831B4CC41F3B0C4B00CE3280 /* PitchPerfect.app */ = {isa = PBXFileReference; explicitFileType = wrapper.application; includeInIndex = 0; path = PitchPerfect.app; sourceTree = BUILT_PRODUCTS_DIR; };
		831B4CC71F3B0C4B00CE3280 /* AppDelegate.swift */ = {isa = PBXFileReference; lastKnownFileType = sourcecode.swift; path = AppDelegate.swift; sourceTree = "<group>"; };
		831B4CC91F3B0C4B00CE3280 /* RecordSoundsViewController.swift */ = {isa = PBXFileReference; lastKnownFileType = sourcecode.swift; path = RecordSoundsViewController.swift; sourceTree = "<group>"; };
		831B4CCC1F3B0C4B00CE3280 /* Base */ = {isa = PBXFileReference; lastKnownFileType = file.storyboard; name = Base; path = Base.lproj/Main.storyboard; sourceTree = "<group>"; };
		831B4CCE1F3B0C4B00CE3280 /* Assets.xcassets */ = {isa = PBXFileReference; lastKnownFileType = folder.assetcatalog; path = Assets.xcassets; sourceTree = "<group>"; };
		831B4CD11F3B0C4B00CE3280 /* Base */ = {isa = PBXFileReference; lastKnownFileType = file.storyboard; name = Base; path = Base.lproj/LaunchScreen.storyboard; sourceTree = "<group>"; };
		831B4CD31F3B0C4B00CE3280 /* Info.plist */ = {isa = PBXFileReference; lastKnownFileType = text.plist.xml; path = Info.plist; sourceTree = "<group>"; };
		831B4CD91F3C6AF300CE3280 /* PlaySoundViewController.swift */ = {isa = PBXFileReference; fileEncoding = 4; lastKnownFileType = sourcecode.swift; path = PlaySoundViewController.swift; sourceTree = "<group>"; };
/* End PBXFileReference section */

/* Begin PBXFrameworksBuildPhase section */
		831B4CC11F3B0C4B00CE3280 /* Frameworks */ = {
			isa = PBXFrameworksBuildPhase;
			buildActionMask = 2147483647;
			files = (
			);
			runOnlyForDeploymentPostprocessing = 0;
		};
/* End PBXFrameworksBuildPhase section */

/* Begin PBXGroup section */
		831B4CBB1F3B0C4B00CE3280 = {
			isa = PBXGroup;
			children = (
				831B4CC61F3B0C4B00CE3280 /* PitchPerfect */,
				831B4CC51F3B0C4B00CE3280 /* Products */,
			);
			sourceTree = "<group>";
		};
		831B4CC51F3B0C4B00CE3280 /* Products */ = {
			isa = PBXGroup;
			children = (
				831B4CC41F3B0C4B00CE3280 /* PitchPerfect.app */,
			);
			name = Products;
			sourceTree = "<group>";
		};
		831B4CC61F3B0C4B00CE3280 /* PitchPerfect */ = {
			isa = PBXGroup;
			children = (
				831B4CC71F3B0C4B00CE3280 /* AppDelegate.swift */,
				831B4CC91F3B0C4B00CE3280 /* RecordSoundsViewController.swift */,
				831B4CCB1F3B0C4B00CE3280 /* Main.storyboard */,
				831B4CCE1F3B0C4B00CE3280 /* Assets.xcassets */,
				831B4CD01F3B0C4B00CE3280 /* LaunchScreen.storyboard */,
				831B4CD31F3B0C4B00CE3280 /* Info.plist */,
				831B4CD91F3C6AF300CE3280 /* PlaySoundViewController.swift */,
			);
			path = PitchPerfect;
			sourceTree = "<group>";
		};
/* End PBXGroup section */

/* Begin PBXNativeTarget section */
		831B4CC31F3B0C4B00CE3280 /* PitchPerfect */ = {
			isa = PBXNativeTarget;
			buildConfigurationList = 831B4CD61F3B0C4B00CE3280 /* Build configuration list for PBXNativeTarget "PitchPerfect" */;
			buildPhases = (
				831B4CC01F3B0C4B00CE3280 /* Sources */,
				831B4CC11F3B0C4B00CE3280 /* Frameworks */,
				831B4CC21F3B0C4B00CE3280 /* Resources */,
			);
			buildRules = (
			);
			dependencies = (
			);
			name = PitchPerfect;
			productName = PitchPerfect;
			productReference = 831B4CC41F3B0C4B00CE3280 /* PitchPerfect.app */;
			productType = "com.apple.product-type.application";
		};
/* End PBXNativeTarget section */

/* Begin PBXProject section */
		831B4CBC1F3B0C4B00CE3280 /* Project object */ = {
			isa = PBXProject;
			attributes = {
				LastSwiftUpdateCheck = 0830;
				LastUpgradeCheck = 0830;
				ORGANIZATIONNAME = "Sujanth Sebamalaithasan";
				TargetAttributes = {
					831B4CC31F3B0C4B00CE3280 = {
						CreatedOnToolsVersion = 8.3.2;
						DevelopmentTeam = 7444ZHPYLX;
						ProvisioningStyle = Automatic;
					};
				};
			};
			buildConfigurationList = 831B4CBF1F3B0C4B00CE3280 /* Build configuration list for PBXProject "PitchPerfect" */;
			compatibilityVersion = "Xcode 3.2";
			developmentRegion = English;
			hasScannedForEncodings = 0;
			knownRegions = (
				en,
				Base,
			);
			mainGroup = 831B4CBB1F3B0C4B00CE3280;
			productRefGroup = 831B4CC51F3B0C4B00CE3280 /* Products */;
			projectDirPath = "";
			projectRoot = "";
			targets = (
				831B4CC31F3B0C4B00CE3280 /* PitchPerfect */,
			);
		};
/* End PBXProject section */

/* Begin PBXResourcesBuildPhase section */
		831B4CC21F3B0C4B00CE3280 /* Resources */ = {
			isa = PBXResourcesBuildPhase;
			buildActionMask = 2147483647;
			files = (
				831B4CD21F3B0C4B00CE3280 /* LaunchScreen.storyboard in Resources */,
				831B4CCF1F3B0C4B00CE3280 /* Assets.xcassets in Resources */,
				831B4CCD1F3B0C4B00CE3280 /* Main.storyboard in Resources */,
			);
			runOnlyForDeploymentPostprocessing = 0;
		};
/* End PBXResourcesBuildPhase section */

/* Begin PBXSourcesBuildPhase section */
		831B4CC01F3B0C4B00CE3280 /* Sources */ = {
			isa = PBXSourcesBuildPhase;
			buildActionMask = 2147483647;
			files = (
				831B4CCA1F3B0C4B00CE3280 /* RecordSoundsViewController.swift in Sources */,
				831B4CDA1F3C6AF300CE3280 /* PlaySoundViewController.swift in Sources */,
				831B4CC81F3B0C4B00CE3280 /* AppDelegate.swift in Sources */,
			);
			runOnlyForDeploymentPostprocessing = 0;
		};
/* End PBXSourcesBuildPhase section */

/* Begin PBXVariantGroup section */
		831B4CCB1F3B0C4B00CE3280 /* Main.storyboard */ = {
			isa = PBXVariantGroup;
			children = (
				831B4CCC1F3B0C4B00CE3280 /* Base */,
			);
			name = Main.storyboard;
			sourceTree = "<group>";
		};
		831B4CD01F3B0C4B00CE3280 /* LaunchScreen.storyboard */ = {
			isa = PBXVariantGroup;
			children = (
				831B4CD11F3B0C4B00CE3280 /* Base */,
			);
			name = LaunchScreen.storyboard;
			sourceTree = "<group>";
		};
/* End PBXVariantGroup section */

/* Begin XCBuildConfiguration section */
		831B4CD41F3B0C4B00CE3280 /* Debug */ = {
			isa = XCBuildConfiguration;
			buildSettings = {
				ALWAYS_SEARCH_USER_PATHS = NO;
				CLANG_ANALYZER_NONNULL = YES;
				CLANG_ANALYZER_NUMBER_OBJECT_CONVERSION = YES_AGGRESSIVE;
				CLANG_CXX_LANGUAGE_STANDARD = "gnu++0x";
				CLANG_CXX_LIBRARY = "libc++";
				CLANG_ENABLE_MODULES = YES;
				CLANG_ENABLE_OBJC_ARC = YES;
				CLANG_WARN_BOOL_CONVERSION = YES;
				CLANG_WARN_CONSTANT_CONVERSION = YES;
				CLANG_WARN_DIRECT_OBJC_ISA_USAGE = YES_ERROR;
				CLANG_WARN_DOCUMENTATION_COMMENTS = YES;
				CLANG_WARN_EMPTY_BODY = YES;
				CLANG_WARN_ENUM_CONVERSION = YES;
				CLANG_WARN_INFINITE_RECURSION = YES;
				CLANG_WARN_INT_CONVERSION = YES;
				CLANG_WARN_OBJC_ROOT_CLASS = YES_ERROR;
				CLANG_WARN_SUSPICIOUS_MOVE = YES;
				CLANG_WARN_UNREACHABLE_CODE = YES;
				CLANG_WARN__DUPLICATE_METHOD_MATCH = YES;
				"CODE_SIGN_IDENTITY[sdk=iphoneos*]" = "iPhone Developer";
				COPY_PHASE_STRIP = NO;
				DEBUG_INFORMATION_FORMAT = dwarf;
				ENABLE_STRICT_OBJC_MSGSEND = YES;
				ENABLE_TESTABILITY = YES;
				GCC_C_LANGUAGE_STANDARD = gnu99;
				GCC_DYNAMIC_NO_PIC = NO;
				GCC_NO_COMMON_BLOCKS = YES;
				GCC_OPTIMIZATION_LEVEL = 0;
				GCC_PREPROCESSOR_DEFINITIONS = (
					"DEBUG=1",
					"$(inherited)",
				);
				GCC_WARN_64_TO_32_BIT_CONVERSION = YES;
				GCC_WARN_ABOUT_RETURN_TYPE = YES_ERROR;
				GCC_WARN_UNDECLARED_SELECTOR = YES;
				GCC_WARN_UNINITIALIZED_AUTOS = YES_AGGRESSIVE;
				GCC_WARN_UNUSED_FUNCTION = YES;
				GCC_WARN_UNUSED_VARIABLE = YES;
				IPHONEOS_DEPLOYMENT_TARGET = 10.3;
				MTL_ENABLE_DEBUG_INFO = YES;
				ONLY_ACTIVE_ARCH = YES;
				SDKROOT = iphoneos;
				SWIFT_ACTIVE_COMPILATION_CONDITIONS = DEBUG;
				SWIFT_OPTIMIZATION_LEVEL = "-Onone";
				TARGETED_DEVICE_FAMILY = "1,2";
			};
			name = Debug;
		};
		831B4CD51F3B0C4B00CE3280 /* Release */ = {
			isa = XCBuildConfiguration;
			buildSettings = {
				ALWAYS_SEARCH_USER_PATHS = NO;
				CLANG_ANALYZER_NONNULL = YES;
				CLANG_ANALYZER_NUMBER_OBJECT_CONVERSION = YES_AGGRESSIVE;
				CLANG_CXX_LANGUAGE_STANDARD = "gnu++0x";
				CLANG_CXX_LIBRARY = "libc++";
				CLANG_ENABLE_MODULES = YES;
				CLANG_ENABLE_OBJC_ARC = YES;
				CLANG_WARN_BOOL_CONVERSION = YES;
				CLANG_WARN_CONSTANT_CONVERSION = YES;
				CLANG_WARN_DIRECT_OBJC_ISA_USAGE = YES_ERROR;
				CLANG_WARN_DOCUMENTATION_COMMENTS = YES;
				CLANG_WARN_EMPTY_BODY = YES;
				CLANG_WARN_ENUM_CONVERSION = YES;
				CLANG_WARN_INFINITE_RECURSION = YES;
				CLANG_WARN_INT_CONVERSION = YES;
				CLANG_WARN_OBJC_ROOT_CLASS = YES_ERROR;
				CLANG_WARN_SUSPICIOUS_MOVE = YES;
				CLANG_WARN_UNREACHABLE_CODE = YES;
				CLANG_WARN__DUPLICATE_METHOD_MATCH = YES;
				"CODE_SIGN_IDENTITY[sdk=iphoneos*]" = "iPhone Developer";
				COPY_PHASE_STRIP = NO;
				DEBUG_INFORMATION_FORMAT = "dwarf-with-dsym";
				ENABLE_NS_ASSERTIONS = NO;
				ENABLE_STRICT_OBJC_MSGSEND = YES;
				GCC_C_LANGUAGE_STANDARD = gnu99;
				GCC_NO_COMMON_BLOCKS = YES;
				GCC_WARN_64_TO_32_BIT_CONVERSION = YES;
				GCC_WARN_ABOUT_RETURN_TYPE = YES_ERROR;
				GCC_WARN_UNDECLARED_SELECTOR = YES;
				GCC_WARN_UNINITIALIZED_AUTOS = YES_AGGRESSIVE;
				GCC_WARN_UNUSED_FUNCTION = YES;
				GCC_WARN_UNUSED_VARIABLE = YES;
				IPHONEOS_DEPLOYMENT_TARGET = 10.3;
				MTL_ENABLE_DEBUG_INFO = NO;
				SDKROOT = iphoneos;
				SWIFT_OPTIMIZATION_LEVEL = "-Owholemodule";
				TARGETED_DEVICE_FAMILY = "1,2";
				VALIDATE_PRODUCT = YES;
			};
			name = Release;
		};
		831B4CD71F3B0C4B00CE3280 /* Debug */ = {
			isa = XCBuildConfiguration;
			buildSettings = {
				ASSETCATALOG_COMPILER_APPICON_NAME = AppIcon;
				DEVELOPMENT_TEAM = 7444ZHPYLX;
				INFOPLIST_FILE = PitchPerfect/Info.plist;
				LD_RUNPATH_SEARCH_PATHS = "$(inherited) @executable_path/Frameworks";
				PRODUCT_BUNDLE_IDENTIFIER = com.sujanth.PitchPerfect;
				PRODUCT_NAME = "$(TARGET_NAME)";
				SWIFT_VERSION = 3.0;
			};
			name = Debug;
		};
		831B4CD81F3B0C4B00CE3280 /* Release */ = {
			isa = XCBuildConfiguration;
			buildSettings = {
				ASSETCATALOG_COMPILER_APPICON_NAME = AppIcon;
				DEVELOPMENT_TEAM = 7444ZHPYLX;
				INFOPLIST_FILE = PitchPerfect/Info.plist;
				LD_RUNPATH_SEARCH_PATHS = "$(inherited) @executable_path/Frameworks";
				PRODUCT_BUNDLE_IDENTIFIER = com.sujanth.PitchPerfect;
				PRODUCT_NAME = "$(TARGET_NAME)";
				SWIFT_VERSION = 3.0;
			};
			name = Release;
		};
/* End XCBuildConfiguration section */

/* Begin XCConfigurationList section */
		831B4CBF1F3B0C4B00CE3280 /* Build configuration list for PBXProject "PitchPerfect" */ = {
			isa = XCConfigurationList;
			buildConfigurations = (
				831B4CD41F3B0C4B00CE3280 /* Debug */,
				831B4CD51F3B0C4B00CE3280 /* Release */,
			);
			defaultConfigurationIsVisible = 0;
			defaultConfigurationName = Release;
		};
		831B4CD61F3B0C4B00CE3280 /* Build configuration list for PBXNativeTarget "PitchPerfect" */ = {
			isa = XCConfigurationList;
			buildConfigurations = (
				831B4CD71F3B0C4B00CE3280 /* Debug */,
				831B4CD81F3B0C4B00CE3280 /* Release */,
			);
			defaultConfigurationIsVisible = 0;
			defaultConfigurationName = Release;
		};
/* End XCConfigurationList section */
	};
	rootObject = 831B4CBC1F3B0C4B00CE3280 /* Project object */;
}
